<?xml version="1.0" encoding="UTF-8" standalone="yes" ?>
<CodeBlocks_project_file>
	<FileVersion major="1" minor="6" />
	<Project>
		<Option title="Projeto MP" />
		<Option pch_mode="2" />
		<Option compiler="gcc" />
		<Build>
			<Target title="Debug">
				<Option output="bin/Debug/Projeto MP" prefix_auto="1" extension_auto="1" />
				<Option object_output="obj/Debug/" />
				<Option type="1" />
				<Option compiler="gcc" />
				<Compiler>
					<Add option="-g" />
					<Add option="-fprofile-arcs -ftest-coverage" />
				</Compiler>
				<Linker>
					<Add option="--coverage -lgcov" />
				</Linker>
			</Target>
			<Target title="Release">
				<Option output="bin/Release/Projeto MP" prefix_auto="1" extension_auto="1" />
				<Option object_output="obj/Release/" />
				<Option type="1" />
				<Option compiler="gcc" />
				<Compiler>
					<Add option="-O2" />
				</Compiler>
				<Linker>
					<Add option="-s" />
				</Linker>
			</Target>
		</Build>
		<Compiler>
			<Add option="-Wall" />
			<Add option="-fprofile-arcs -ftest-coverage" />
		</Compiler>
		<Linker>
			<Add option="-lgcov --coverage" />
		</Linker>
		<Unit filename="catch.hpp" />
		<Unit filename="romano.cpp.cpp" />
		<Unit filename="romano.hpp.hpp" />
		<Unit filename="testa_romano.cpp.cpp" />
		<Extensions>
			<lib_finder disable_auto="1" />
		</Extensions>
	</Project>
</CodeBlocks_project_file>
